
Microsoft Visual Studio Solution File, Format Version 12.00
# Visual Studio Version 16
VisualStudioVersion = 16.0.31105.61
MinimumVisualStudioVersion = 10.0.40219.1
Project("{FAE04EC0-301F-11D3-BF4B-00C04F79EFBC}") = "CalculatorApp2", "CalculatorApp2\CalculatorApp2.csproj", "{75089910-DB27-4CA7-8CBE-6CEDCA1DE5F0}"
EndProject
Project("{FAE04EC0-301F-11D3-BF4B-00C04F79EFBC}") = "CalculatorApp2Test", "CalculatorApp2Test\CalculatorApp2Test.csproj", "{43827C99-632C-4ACD-93EC-9525620DED7A}"
EndProject
Global
	GlobalSection(SolutionConfigurationPlatforms) = preSolution
		Debug|Any CPU = Debug|Any CPU
		Release|Any CPU = Release|Any CPU
	EndGlobalSection
	GlobalSection(ProjectConfigurationPlatforms) = postSolution
		{75089910-DB27-4CA7-8CBE-6CEDCA1DE5F0}.Debug|Any CPU.ActiveCfg = Debug|Any CPU
		{75089910-DB27-4CA7-8CBE-6CEDCA1DE5F0}.Debug|Any CPU.Build.0 = Debug|Any CPU
		{75089910-DB27-4CA7-8CBE-6CEDCA1DE5F0}.Release|Any CPU.ActiveCfg = Release|Any CPU
		{75089910-DB27-4CA7-8CBE-6CEDCA1DE5F0}.Release|Any CPU.Build.0 = Release|Any CPU
		{43827C99-632C-4ACD-93EC-9525620DED7A}.Debug|Any CPU.ActiveCfg = Debug|Any CPU
		{43827C99-632C-4ACD-93EC-9525620DED7A}.Debug|Any CPU.Build.0 = Debug|Any CPU
		{43827C99-632C-4ACD-93EC-9525620DED7A}.Release|Any CPU.ActiveCfg = Release|Any CPU
		{43827C99-632C-4ACD-93EC-9525620DED7A}.Release|Any CPU.Build.0 = Release|Any CPU
	EndGlobalSection
	GlobalSection(SolutionProperties) = preSolution
		HideSolutionNode = FALSE
	EndGlobalSection
	GlobalSection(ExtensibilityGlobals) = postSolution
		SolutionGuid = {262EC8FD-B653-4B1E-A818-20A08AF39ADD}
	EndGlobalSection
EndGlobal
